// !$*UTF8*$!
{
	archiveVersion = 1;
	classes = {
	};
	objectVersion = 50;
	objects = {

/* Begin PBXBuildFile section */
		C042ECF324613ECE0041EB88 /* AppDelegate.swift in Sources */ = {isa = PBXBuildFile; fileRef = C042ECF224613ECE0041EB88 /* AppDelegate.swift */; };
		C042ECF524613ECE0041EB88 /* SceneDelegate.swift in Sources */ = {isa = PBXBuildFile; fileRef = C042ECF424613ECE0041EB88 /* SceneDelegate.swift */; };
		C042ECF724613ECE0041EB88 /* ViewController.swift in Sources */ = {isa = PBXBuildFile; fileRef = C042ECF624613ECE0041EB88 /* ViewController.swift */; };
		C042ECFA24613ECE0041EB88 /* Main.storyboard in Resources */ = {isa = PBXBuildFile; fileRef = C042ECF824613ECE0041EB88 /* Main.storyboard */; };
		C042ECFC24613ED00041EB88 /* Assets.xcassets in Resources */ = {isa = PBXBuildFile; fileRef = C042ECFB24613ED00041EB88 /* Assets.xcassets */; };
		C042ECFF24613ED00041EB88 /* LaunchScreen.storyboard in Resources */ = {isa = PBXBuildFile; fileRef = C042ECFD24613ED00041EB88 /* LaunchScreen.storyboard */; };
		C042ED0A24613ED00041EB88 /* Concentration_GameTests.swift in Sources */ = {isa = PBXBuildFile; fileRef = C042ED0924613ED00041EB88 /* Concentration_GameTests.swift */; };
		C042ED1524613ED00041EB88 /* Concentration_GameUITests.swift in Sources */ = {isa = PBXBuildFile; fileRef = C042ED1424613ED00041EB88 /* Concentration_GameUITests.swift */; };
		C042ED23246153AD0041EB88 /* GameModel.swift in Sources */ = {isa = PBXBuildFile; fileRef = C042ED22246153AD0041EB88 /* GameModel.swift */; };
		C042ED25246154D00041EB88 /* Card.swift in Sources */ = {isa = PBXBuildFile; fileRef = C042ED24246154D00041EB88 /* Card.swift */; };
		C042ED29246160670041EB88 /* CardCollectionViewCell.swift in Sources */ = {isa = PBXBuildFile; fileRef = C042ED28246160670041EB88 /* CardCollectionViewCell.swift */; };
		C0B9EFCC2482816900BF28C7 /* TopTenViewController.swift in Sources */ = {isa = PBXBuildFile; fileRef = C0B9EFCB2482816900BF28C7 /* TopTenViewController.swift */; };
		C0B9EFCE2482A4E100BF28C7 /* Player.swift in Sources */ = {isa = PBXBuildFile; fileRef = C0B9EFCD2482A4E100BF28C7 /* Player.swift */; };
		C0F2549D2482EE1A005C4D11 /* LaunchViewController.swift in Sources */ = {isa = PBXBuildFile; fileRef = C0F2549C2482EE1A005C4D11 /* LaunchViewController.swift */; };
/* End PBXBuildFile section */

/* Begin PBXContainerItemProxy section */
		C042ED0624613ED00041EB88 /* PBXContainerItemProxy */ = {
			isa = PBXContainerItemProxy;
			containerPortal = C042ECE724613ECE0041EB88 /* Project object */;
			proxyType = 1;
			remoteGlobalIDString = C042ECEE24613ECE0041EB88;
			remoteInfo = "Concentration-Game";
		};
		C042ED1124613ED00041EB88 /* PBXContainerItemProxy */ = {
			isa = PBXContainerItemProxy;
			containerPortal = C042ECE724613ECE0041EB88 /* Project object */;
			proxyType = 1;
			remoteGlobalIDString = C042ECEE24613ECE0041EB88;
			remoteInfo = "Concentration-Game";
		};
/* End PBXContainerItemProxy section */

/* Begin PBXFileReference section */
		C042ECEF24613ECE0041EB88 /* Concentration-Game.app */ = {isa = PBXFileReference; explicitFileType = wrapper.application; includeInIndex = 0; path = "Concentration-Game.app"; sourceTree = BUILT_PRODUCTS_DIR; };
		C042ECF224613ECE0041EB88 /* AppDelegate.swift */ = {isa = PBXFileReference; lastKnownFileType = sourcecode.swift; path = AppDelegate.swift; sourceTree = "<group>"; };
		C042ECF424613ECE0041EB88 /* SceneDelegate.swift */ = {isa = PBXFileReference; lastKnownFileType = sourcecode.swift; path = SceneDelegate.swift; sourceTree = "<group>"; };
		C042ECF624613ECE0041EB88 /* ViewController.swift */ = {isa = PBXFileReference; lastKnownFileType = sourcecode.swift; path = ViewController.swift; sourceTree = "<group>"; };
		C042ECF924613ECE0041EB88 /* Base */ = {isa = PBXFileReference; lastKnownFileType = file.storyboard; name = Base; path = Base.lproj/Main.storyboard; sourceTree = "<group>"; };
		C042ECFB24613ED00041EB88 /* Assets.xcassets */ = {isa = PBXFileReference; lastKnownFileType = folder.assetcatalog; path = Assets.xcassets; sourceTree = "<group>"; };
		C042ECFE24613ED00041EB88 /* Base */ = {isa = PBXFileReference; lastKnownFileType = file.storyboard; name = Base; path = Base.lproj/LaunchScreen.storyboard; sourceTree = "<group>"; };
		C042ED0024613ED00041EB88 /* Info.plist */ = {isa = PBXFileReference; lastKnownFileType = text.plist.xml; path = Info.plist; sourceTree = "<group>"; };
		C042ED0524613ED00041EB88 /* Concentration-GameTests.xctest */ = {isa = PBXFileReference; explicitFileType = wrapper.cfbundle; includeInIndex = 0; path = "Concentration-GameTests.xctest"; sourceTree = BUILT_PRODUCTS_DIR; };
		C042ED0924613ED00041EB88 /* Concentration_GameTests.swift */ = {isa = PBXFileReference; lastKnownFileType = sourcecode.swift; path = Concentration_GameTests.swift; sourceTree = "<group>"; };
		C042ED0B24613ED00041EB88 /* Info.plist */ = {isa = PBXFileReference; lastKnownFileType = text.plist.xml; path = Info.plist; sourceTree = "<group>"; };
		C042ED1024613ED00041EB88 /* Concentration-GameUITests.xctest */ = {isa = PBXFileReference; explicitFileType = wrapper.cfbundle; includeInIndex = 0; path = "Concentration-GameUITests.xctest"; sourceTree = BUILT_PRODUCTS_DIR; };
		C042ED1424613ED00041EB88 /* Concentration_GameUITests.swift */ = {isa = PBXFileReference; lastKnownFileType = sourcecode.swift; path = Concentration_GameUITests.swift; sourceTree = "<group>"; };
		C042ED1624613ED00041EB88 /* Info.plist */ = {isa = PBXFileReference; lastKnownFileType = text.plist.xml; path = Info.plist; sourceTree = "<group>"; };
		C042ED22246153AD0041EB88 /* GameModel.swift */ = {isa = PBXFileReference; lastKnownFileType = sourcecode.swift; path = GameModel.swift; sourceTree = "<group>"; };
		C042ED24246154D00041EB88 /* Card.swift */ = {isa = PBXFileReference; lastKnownFileType = sourcecode.swift; path = Card.swift; sourceTree = "<group>"; };
		C042ED28246160670041EB88 /* CardCollectionViewCell.swift */ = {isa = PBXFileReference; lastKnownFileType = sourcecode.swift; path = CardCollectionViewCell.swift; sourceTree = "<group>"; tabWidth = 4; usesTabs = 0; wrapsLines = 0; };
		C0B9EFCB2482816900BF28C7 /* TopTenViewController.swift */ = {isa = PBXFileReference; lastKnownFileType = sourcecode.swift; path = TopTenViewController.swift; sourceTree = "<group>"; };
		C0B9EFCD2482A4E100BF28C7 /* Player.swift */ = {isa = PBXFileReference; lastKnownFileType = sourcecode.swift; path = Player.swift; sourceTree = "<group>"; };
		C0F2549C2482EE1A005C4D11 /* LaunchViewController.swift */ = {isa = PBXFileReference; lastKnownFileType = sourcecode.swift; path = LaunchViewController.swift; sourceTree = "<group>"; };
/* End PBXFileReference section */

/* Begin PBXFrameworksBuildPhase section */
		C042ECEC24613ECE0041EB88 /* Frameworks */ = {
			isa = PBXFrameworksBuildPhase;
			buildActionMask = 2147483647;
			files = (
			);
			runOnlyForDeploymentPostprocessing = 0;
		};
		C042ED0224613ED00041EB88 /* Frameworks */ = {
			isa = PBXFrameworksBuildPhase;
			buildActionMask = 2147483647;
			files = (
			);
			runOnlyForDeploymentPostprocessing = 0;
		};
		C042ED0D24613ED00041EB88 /* Frameworks */ = {
			isa = PBXFrameworksBuildPhase;
			buildActionMask = 2147483647;
			files = (
			);
			runOnlyForDeploymentPostprocessing = 0;
		};
/* End PBXFrameworksBuildPhase section */

/* Begin PBXGroup section */
		C042ECE624613ECE0041EB88 = {
			isa = PBXGroup;
			children = (
				C042ECF124613ECE0041EB88 /* Concentration-Game */,
				C042ED0824613ED00041EB88 /* Concentration-GameTests */,
				C042ED1324613ED00041EB88 /* Concentration-GameUITests */,
				C042ECF024613ECE0041EB88 /* Products */,
			);
			sourceTree = "<group>";
		};
		C042ECF024613ECE0041EB88 /* Products */ = {
			isa = PBXGroup;
			children = (
				C042ECEF24613ECE0041EB88 /* Concentration-Game.app */,
				C042ED0524613ED00041EB88 /* Concentration-GameTests.xctest */,
				C042ED1024613ED00041EB88 /* Concentration-GameUITests.xctest */,
			);
			name = Products;
			sourceTree = "<group>";
		};
		C042ECF124613ECE0041EB88 /* Concentration-Game */ = {
			isa = PBXGroup;
			children = (
				C0F2549C2482EE1A005C4D11 /* LaunchViewController.swift */,
				C042ECF624613ECE0041EB88 /* ViewController.swift */,
				C0B9EFCB2482816900BF28C7 /* TopTenViewController.swift */,
				C0B9EFCD2482A4E100BF28C7 /* Player.swift */,
				C042ECF224613ECE0041EB88 /* AppDelegate.swift */,
				C042ECF424613ECE0041EB88 /* SceneDelegate.swift */,
				C042ED28246160670041EB88 /* CardCollectionViewCell.swift */,
				C042ED22246153AD0041EB88 /* GameModel.swift */,
				C042ED24246154D00041EB88 /* Card.swift */,
				C042ECF824613ECE0041EB88 /* Main.storyboard */,
				C042ECFB24613ED00041EB88 /* Assets.xcassets */,
				C042ECFD24613ED00041EB88 /* LaunchScreen.storyboard */,
				C042ED0024613ED00041EB88 /* Info.plist */,
			);
			path = "Concentration-Game";
			sourceTree = "<group>";
		};
		C042ED0824613ED00041EB88 /* Concentration-GameTests */ = {
			isa = PBXGroup;
			children = (
				C042ED0924613ED00041EB88 /* Concentration_GameTests.swift */,
				C042ED0B24613ED00041EB88 /* Info.plist */,
			);
			path = "Concentration-GameTests";
			sourceTree = "<group>";
		};
		C042ED1324613ED00041EB88 /* Concentration-GameUITests */ = {
			isa = PBXGroup;
			children = (
				C042ED1424613ED00041EB88 /* Concentration_GameUITests.swift */,
				C042ED1624613ED00041EB88 /* Info.plist */,
			);
			path = "Concentration-GameUITests";
			sourceTree = "<group>";
		};
/* End PBXGroup section */

/* Begin PBXNativeTarget section */
		C042ECEE24613ECE0041EB88 /* Concentration-Game */ = {
			isa = PBXNativeTarget;
			buildConfigurationList = C042ED1924613ED00041EB88 /* Build configuration list for PBXNativeTarget "Concentration-Game" */;
			buildPhases = (
				C042ECEB24613ECE0041EB88 /* Sources */,
				C042ECEC24613ECE0041EB88 /* Frameworks */,
				C042ECED24613ECE0041EB88 /* Resources */,
			);
			buildRules = (
			);
			dependencies = (
			);
			name = "Concentration-Game";
			productName = "Concentration-Game";
			productReference = C042ECEF24613ECE0041EB88 /* Concentration-Game.app */;
			productType = "com.apple.product-type.application";
		};
		C042ED0424613ED00041EB88 /* Concentration-GameTests */ = {
			isa = PBXNativeTarget;
			buildConfigurationList = C042ED1C24613ED00041EB88 /* Build configuration list for PBXNativeTarget "Concentration-GameTests" */;
			buildPhases = (
				C042ED0124613ED00041EB88 /* Sources */,
				C042ED0224613ED00041EB88 /* Frameworks */,
				C042ED0324613ED00041EB88 /* Resources */,
			);
			buildRules = (
			);
			dependencies = (
				C042ED0724613ED00041EB88 /* PBXTargetDependency */,
			);
			name = "Concentration-GameTests";
			productName = "Concentration-GameTests";
			productReference = C042ED0524613ED00041EB88 /* Concentration-GameTests.xctest */;
			productType = "com.apple.product-type.bundle.unit-test";
		};
		C042ED0F24613ED00041EB88 /* Concentration-GameUITests */ = {
			isa = PBXNativeTarget;
			buildConfigurationList = C042ED1F24613ED00041EB88 /* Build configuration list for PBXNativeTarget "Concentration-GameUITests" */;
			buildPhases = (
				C042ED0C24613ED00041EB88 /* Sources */,
				C042ED0D24613ED00041EB88 /* Frameworks */,
				C042ED0E24613ED00041EB88 /* Resources */,
			);
			buildRules = (
			);
			dependencies = (
				C042ED1224613ED00041EB88 /* PBXTargetDependency */,
			);
			name = "Concentration-GameUITests";
			productName = "Concentration-GameUITests";
			productReference = C042ED1024613ED00041EB88 /* Concentration-GameUITests.xctest */;
			productType = "com.apple.product-type.bundle.ui-testing";
		};
/* End PBXNativeTarget section */

/* Begin PBXProject section */
		C042ECE724613ECE0041EB88 /* Project object */ = {
			isa = PBXProject;
			attributes = {
				LastSwiftUpdateCheck = 1130;
				LastUpgradeCheck = 1130;
				ORGANIZATIONNAME = user165579;
				TargetAttributes = {
					C042ECEE24613ECE0041EB88 = {
						CreatedOnToolsVersion = 11.3.1;
					};
					C042ED0424613ED00041EB88 = {
						CreatedOnToolsVersion = 11.3.1;
						TestTargetID = C042ECEE24613ECE0041EB88;
					};
					C042ED0F24613ED00041EB88 = {
						CreatedOnToolsVersion = 11.3.1;
						TestTargetID = C042ECEE24613ECE0041EB88;
					};
				};
			};
			buildConfigurationList = C042ECEA24613ECE0041EB88 /* Build configuration list for PBXProject "Concentration-Game" */;
			compatibilityVersion = "Xcode 9.3";
			developmentRegion = en;
			hasScannedForEncodings = 0;
			knownRegions = (
				en,
				Base,
			);
			mainGroup = C042ECE624613ECE0041EB88;
			productRefGroup = C042ECF024613ECE0041EB88 /* Products */;
			projectDirPath = "";
			projectRoot = "";
			targets = (
				C042ECEE24613ECE0041EB88 /* Concentration-Game */,
				C042ED0424613ED00041EB88 /* Concentration-GameTests */,
				C042ED0F24613ED00041EB88 /* Concentration-GameUITests */,
			);
		};
/* End PBXProject section */

/* Begin PBXResourcesBuildPhase section */
		C042ECED24613ECE0041EB88 /* Resources */ = {
			isa = PBXResourcesBuildPhase;
			buildActionMask = 2147483647;
			files = (
				C042ECFF24613ED00041EB88 /* LaunchScreen.storyboard in Resources */,
				C042ECFC24613ED00041EB88 /* Assets.xcassets in Resources */,
				C042ECFA24613ECE0041EB88 /* Main.storyboard in Resources */,
			);
			runOnlyForDeploymentPostprocessing = 0;
		};
		C042ED0324613ED00041EB88 /* Resources */ = {
			isa = PBXResourcesBuildPhase;
			buildActionMask = 2147483647;
			files = (
			);
			runOnlyForDeploymentPostprocessing = 0;
		};
		C042ED0E24613ED00041EB88 /* Resources */ = {
			isa = PBXResourcesBuildPhase;
			buildActionMask = 2147483647;
			files = (
			);
			runOnlyForDeploymentPostprocessing = 0;
		};
/* End PBXResourcesBuildPhase section */

/* Begin PBXSourcesBuildPhase section */
		C042ECEB24613ECE0041EB88 /* Sources */ = {
			isa = PBXSourcesBuildPhase;
			buildActionMask = 2147483647;
			files = (
				C042ECF724613ECE0041EB88 /* ViewController.swift in Sources */,
				C042ED23246153AD0041EB88 /* GameModel.swift in Sources */,
				C0B9EFCE2482A4E100BF28C7 /* Player.swift in Sources */,
				C042ED25246154D00041EB88 /* Card.swift in Sources */,
				C0B9EFCC2482816900BF28C7 /* TopTenViewController.swift in Sources */,
				C042ECF324613ECE0041EB88 /* AppDelegate.swift in Sources */,
				C042ED29246160670041EB88 /* CardCollectionViewCell.swift in Sources */,
				C0F2549D2482EE1A005C4D11 /* LaunchViewController.swift in Sources */,
				C042ECF524613ECE0041EB88 /* SceneDelegate.swift in Sources */,
			);
			runOnlyForDeploymentPostprocessing = 0;
		};
		C042ED0124613ED00041EB88 /* Sources */ = {
			isa = PBXSourcesBuildPhase;
			buildActionMask = 2147483647;
			files = (
				C042ED0A24613ED00041EB88 /* Concentration_GameTests.swift in Sources */,
			);
			runOnlyForDeploymentPostprocessing = 0;
		};
		C042ED0C24613ED00041EB88 /* Sources */ = {
			isa = PBXSourcesBuildPhase;
			buildActionMask = 2147483647;
			files = (
				C042ED1524613ED00041EB88 /* Concentration_GameUITests.swift in Sources */,
			);
			runOnlyForDeploymentPostprocessing = 0;
		};
/* End PBXSourcesBuildPhase section */

/* Begin PBXTargetDependency section */
		C042ED0724613ED00041EB88 /* PBXTargetDependency */ = {
			isa = PBXTargetDependency;
			target = C042ECEE24613ECE0041EB88 /* Concentration-Game */;
			targetProxy = C042ED0624613ED00041EB88 /* PBXContainerItemProxy */;
		};
		C042ED1224613ED00041EB88 /* PBXTargetDependency */ = {
			isa = PBXTargetDependency;
			target = C042ECEE24613ECE0041EB88 /* Concentration-Game */;
			targetProxy = C042ED1124613ED00041EB88 /* PBXContainerItemProxy */;
		};
/* End PBXTargetDependency section */

/* Begin PBXVariantGroup section */
		C042ECF824613ECE0041EB88 /* Main.storyboard */ = {
			isa = PBXVariantGroup;
			children = (
				C042ECF924613ECE0041EB88 /* Base */,
			);
			name = Main.storyboard;
			sourceTree = "<group>";
		};
		C042ECFD24613ED00041EB88 /* LaunchScreen.storyboard */ = {
			isa = PBXVariantGroup;
			children = (
				C042ECFE24613ED00041EB88 /* Base */,
			);
			name = LaunchScreen.storyboard;
			sourceTree = "<group>";
		};
/* End PBXVariantGroup section */

/* Begin XCBuildConfiguration section */
		C042ED1724613ED00041EB88 /* Debug */ = {
			isa = XCBuildConfiguration;
			buildSettings = {
				ALWAYS_SEARCH_USER_PATHS = NO;
				CLANG_ANALYZER_NONNULL = YES;
				CLANG_ANALYZER_NUMBER_OBJECT_CONVERSION = YES_AGGRESSIVE;
				CLANG_CXX_LANGUAGE_STANDARD = "gnu++14";
				CLANG_CXX_LIBRARY = "libc++";
				CLANG_ENABLE_MODULES = YES;
				CLANG_ENABLE_OBJC_ARC = YES;
				CLANG_ENABLE_OBJC_WEAK = YES;
				CLANG_WARN_BLOCK_CAPTURE_AUTORELEASING = YES;
				CLANG_WARN_BOOL_CONVERSION = YES;
				CLANG_WARN_COMMA = YES;
				CLANG_WARN_CONSTANT_CONVERSION = YES;
				CLANG_WARN_DEPRECATED_OBJC_IMPLEMENTATIONS = YES;
				CLANG_WARN_DIRECT_OBJC_ISA_USAGE = YES_ERROR;
				CLANG_WARN_DOCUMENTATION_COMMENTS = YES;
				CLANG_WARN_EMPTY_BODY = YES;
				CLANG_WARN_ENUM_CONVERSION = YES;
				CLANG_WARN_INFINITE_RECURSION = YES;
				CLANG_WARN_INT_CONVERSION = YES;
				CLANG_WARN_NON_LITERAL_NULL_CONVERSION = YES;
				CLANG_WARN_OBJC_IMPLICIT_RETAIN_SELF = YES;
				CLANG_WARN_OBJC_LITERAL_CONVERSION = YES;
				CLANG_WARN_OBJC_ROOT_CLASS = YES_ERROR;
				CLANG_WARN_RANGE_LOOP_ANALYSIS = YES;
				CLANG_WARN_STRICT_PROTOTYPES = YES;
				CLANG_WARN_SUSPICIOUS_MOVE = YES;
				CLANG_WARN_UNGUARDED_AVAILABILITY = YES_AGGRESSIVE;
				CLANG_WARN_UNREACHABLE_CODE = YES;
				CLANG_WARN__DUPLICATE_METHOD_MATCH = YES;
				COPY_PHASE_STRIP = NO;
				DEBUG_INFORMATION_FORMAT = dwarf;
				ENABLE_STRICT_OBJC_MSGSEND = YES;
				ENABLE_TESTABILITY = YES;
				GCC_C_LANGUAGE_STANDARD = gnu11;
				GCC_DYNAMIC_NO_PIC = NO;
				GCC_NO_COMMON_BLOCKS = YES;
				GCC_OPTIMIZATION_LEVEL = 0;
				GCC_PREPROCESSOR_DEFINITIONS = (
					"DEBUG=1",
					"$(inherited)",
				);
				GCC_WARN_64_TO_32_BIT_CONVERSION = YES;
				GCC_WARN_ABOUT_RETURN_TYPE = YES_ERROR;
				GCC_WARN_UNDECLARED_SELECTOR = YES;
				GCC_WARN_UNINITIALIZED_AUTOS = YES_AGGRESSIVE;
				GCC_WARN_UNUSED_FUNCTION = YES;
				GCC_WARN_UNUSED_VARIABLE = YES;
				IPHONEOS_DEPLOYMENT_TARGET = 13.2;
				MTL_ENABLE_DEBUG_INFO = INCLUDE_SOURCE;
				MTL_FAST_MATH = YES;
				ONLY_ACTIVE_ARCH = YES;
				SDKROOT = iphoneos;
				SWIFT_ACTIVE_COMPILATION_CONDITIONS = DEBUG;
				SWIFT_OPTIMIZATION_LEVEL = "-Onone";
			};
			name = Debug;
		};
		C042ED1824613ED00041EB88 /* Release */ = {
			isa = XCBuildConfiguration;
			buildSettings = {
				ALWAYS_SEARCH_USER_PATHS = NO;
				CLANG_ANALYZER_NONNULL = YES;
				CLANG_ANALYZER_NUMBER_OBJECT_CONVERSION = YES_AGGRESSIVE;
				CLANG_CXX_LANGUAGE_STANDARD = "gnu++14";
				CLANG_CXX_LIBRARY = "libc++";
				CLANG_ENABLE_MODULES = YES;
				CLANG_ENABLE_OBJC_ARC = YES;
				CLANG_ENABLE_OBJC_WEAK = YES;
				CLANG_WARN_BLOCK_CAPTURE_AUTORELEASING = YES;
				CLANG_WARN_BOOL_CONVERSION = YES;
				CLANG_WARN_COMMA = YES;
				CLANG_WARN_CONSTANT_CONVERSION = YES;
				CLANG_WARN_DEPRECATED_OBJC_IMPLEMENTATIONS = YES;
				CLANG_WARN_DIRECT_OBJC_ISA_USAGE = YES_ERROR;
				CLANG_WARN_DOCUMENTATION_COMMENTS = YES;
				CLANG_WARN_EMPTY_BODY = YES;
				CLANG_WARN_ENUM_CONVERSION = YES;
				CLANG_WARN_INFINITE_RECURSION = YES;
				CLANG_WARN_INT_CONVERSION = YES;
				CLANG_WARN_NON_LITERAL_NULL_CONVERSION = YES;
				CLANG_WARN_OBJC_IMPLICIT_RETAIN_SELF = YES;
				CLANG_WARN_OBJC_LITERAL_CONVERSION = YES;
				CLANG_WARN_OBJC_ROOT_CLASS = YES_ERROR;
				CLANG_WARN_RANGE_LOOP_ANALYSIS = YES;
				CLANG_WARN_STRICT_PROTOTYPES = YES;
				CLANG_WARN_SUSPICIOUS_MOVE = YES;
				CLANG_WARN_UNGUARDED_AVAILABILITY = YES_AGGRESSIVE;
				CLANG_WARN_UNREACHABLE_CODE = YES;
				CLANG_WARN__DUPLICATE_METHOD_MATCH = YES;
				COPY_PHASE_STRIP = NO;
				DEBUG_INFORMATION_FORMAT = "dwarf-with-dsym";
				ENABLE_NS_ASSERTIONS = NO;
				ENABLE_STRICT_OBJC_MSGSEND = YES;
				GCC_C_LANGUAGE_STANDARD = gnu11;
				GCC_NO_COMMON_BLOCKS = YES;
				GCC_WARN_64_TO_32_BIT_CONVERSION = YES;
				GCC_WARN_ABOUT_RETURN_TYPE = YES_ERROR;
				GCC_WARN_UNDECLARED_SELECTOR = YES;
				GCC_WARN_UNINITIALIZED_AUTOS = YES_AGGRESSIVE;
				GCC_WARN_UNUSED_FUNCTION = YES;
				GCC_WARN_UNUSED_VARIABLE = YES;
				IPHONEOS_DEPLOYMENT_TARGET = 13.2;
				MTL_ENABLE_DEBUG_INFO = NO;
				MTL_FAST_MATH = YES;
				SDKROOT = iphoneos;
				SWIFT_COMPILATION_MODE = wholemodule;
				SWIFT_OPTIMIZATION_LEVEL = "-O";
				VALIDATE_PRODUCT = YES;
			};
			name = Release;
		};
		C042ED1A24613ED00041EB88 /* Debug */ = {
			isa = XCBuildConfiguration;
			buildSettings = {
				ASSETCATALOG_COMPILER_APPICON_NAME = AppIcon;
				CODE_SIGN_STYLE = Automatic;
				INFOPLIST_FILE = "Concentration-Game/Info.plist";
				IPHONEOS_DEPLOYMENT_TARGET = 13.1;
				LD_RUNPATH_SEARCH_PATHS = (
					"$(inherited)",
					"@executable_path/Frameworks",
				);
				PRODUCT_BUNDLE_IDENTIFIER = "test.Concentration-Game";
				PRODUCT_NAME = "$(TARGET_NAME)";
				SWIFT_VERSION = 5.0;
				TARGETED_DEVICE_FAMILY = "1,2";
			};
			name = Debug;
		};
		C042ED1B24613ED00041EB88 /* Release */ = {
			isa = XCBuildConfiguration;
			buildSettings = {
				ASSETCATALOG_COMPILER_APPICON_NAME = AppIcon;
				CODE_SIGN_STYLE = Automatic;
				INFOPLIST_FILE = "Concentration-Game/Info.plist";
				IPHONEOS_DEPLOYMENT_TARGET = 13.1;
				LD_RUNPATH_SEARCH_PATHS = (
					"$(inherited)",
					"@executable_path/Frameworks",
				);
				PRODUCT_BUNDLE_IDENTIFIER = "test.Concentration-Game";
				PRODUCT_NAME = "$(TARGET_NAME)";
				SWIFT_VERSION = 5.0;
				TARGETED_DEVICE_FAMILY = "1,2";
			};
			name = Release;
		};
		C042ED1D24613ED00041EB88 /* Debug */ = {
			isa = XCBuildConfiguration;
			buildSettings = {
				ALWAYS_EMBED_SWIFT_STANDARD_LIBRARIES = YES;
				BUNDLE_LOADER = "$(TEST_HOST)";
				CODE_SIGN_STYLE = Automatic;
				INFOPLIST_FILE = "Concentration-GameTests/Info.plist";
				IPHONEOS_DEPLOYMENT_TARGET = 13.2;
				LD_RUNPATH_SEARCH_PATHS = (
					"$(inherited)",
					"@executable_path/Frameworks",
					"@loader_path/Frameworks",
				);
				PRODUCT_BUNDLE_IDENTIFIER = "test.Concentration-GameTests";
				PRODUCT_NAME = "$(TARGET_NAME)";
				SWIFT_VERSION = 5.0;
				TARGETED_DEVICE_FAMILY = "1,2";
				TEST_HOST = "$(BUILT_PRODUCTS_DIR)/Concentration-Game.app/Concentration-Game";
			};
			name = Debug;
		};
		C042ED1E24613ED00041EB88 /* Release */ = {
			isa = XCBuildConfiguration;
			buildSettings = {
				ALWAYS_EMBED_SWIFT_STANDARD_LIBRARIES = YES;
				BUNDLE_LOADER = "$(TEST_HOST)";
				CODE_SIGN_STYLE = Automatic;
				INFOPLIST_FILE = "Concentration-GameTests/Info.plist";
				IPHONEOS_DEPLOYMENT_TARGET = 13.2;
				LD_RUNPATH_SEARCH_PATHS = (
					"$(inherited)",
					"@executable_path/Frameworks",
					"@loader_path/Frameworks",
				);
				PRODUCT_BUNDLE_IDENTIFIER = "test.Concentration-GameTests";
				PRODUCT_NAME = "$(TARGET_NAME)";
				SWIFT_VERSION = 5.0;
				TARGETED_DEVICE_FAMILY = "1,2";
				TEST_HOST = "$(BUILT_PRODUCTS_DIR)/Concentration-Game.app/Concentration-Game";
			};
			name = Release;
		};
		C042ED2024613ED00041EB88 /* Debug */ = {
			isa = XCBuildConfiguration;
			buildSettings = {
				ALWAYS_EMBED_SWIFT_STANDARD_LIBRARIES = YES;
				CODE_SIGN_STYLE = Automatic;
				INFOPLIST_FILE = "Concentration-GameUITests/Info.plist";
				LD_RUNPATH_SEARCH_PATHS = (
					"$(inherited)",
					"@executable_path/Frameworks",
					"@loader_path/Frameworks",
				);
				PRODUCT_BUNDLE_IDENTIFIER = "test.Concentration-GameUITests";
				PRODUCT_NAME = "$(TARGET_NAME)";
				SWIFT_VERSION = 5.0;
				TARGETED_DEVICE_FAMILY = "1,2";
				TEST_TARGET_NAME = "Concentration-Game";
			};
			name = Debug;
		};
		C042ED2124613ED00041EB88 /* Release */ = {
			isa = XCBuildConfiguration;
			buildSettings = {
				ALWAYS_EMBED_SWIFT_STANDARD_LIBRARIES = YES;
				CODE_SIGN_STYLE = Automatic;
				INFOPLIST_FILE = "Concentration-GameUITests/Info.plist";
				LD_RUNPATH_SEARCH_PATHS = (
					"$(inherited)",
					"@executable_path/Frameworks",
					"@loader_path/Frameworks",
				);
				PRODUCT_BUNDLE_IDENTIFIER = "test.Concentration-GameUITests";
				PRODUCT_NAME = "$(TARGET_NAME)";
				SWIFT_VERSION = 5.0;
				TARGETED_DEVICE_FAMILY = "1,2";
				TEST_TARGET_NAME = "Concentration-Game";
			};
			name = Release;
		};
/* End XCBuildConfiguration section */

/* Begin XCConfigurationList section */
		C042ECEA24613ECE0041EB88 /* Build configuration list for PBXProject "Concentration-Game" */ = {
			isa = XCConfigurationList;
			buildConfigurations = (
				C042ED1724613ED00041EB88 /* Debug */,
				C042ED1824613ED00041EB88 /* Release */,
			);
			defaultConfigurationIsVisible = 0;
			defaultConfigurationName = Release;
		};
		C042ED1924613ED00041EB88 /* Build configuration list for PBXNativeTarget "Concentration-Game" */ = {
			isa = XCConfigurationList;
			buildConfigurations = (
				C042ED1A24613ED00041EB88 /* Debug */,
				C042ED1B24613ED00041EB88 /* Release */,
			);
			defaultConfigurationIsVisible = 0;
			defaultConfigurationName = Release;
		};
		C042ED1C24613ED00041EB88 /* Build configuration list for PBXNativeTarget "Concentration-GameTests" */ = {
			isa = XCConfigurationList;
			buildConfigurations = (
				C042ED1D24613ED00041EB88 /* Debug */,
				C042ED1E24613ED00041EB88 /* Release */,
			);
			defaultConfigurationIsVisible = 0;
			defaultConfigurationName = Release;
		};
		C042ED1F24613ED00041EB88 /* Build configuration list for PBXNativeTarget "Concentration-GameUITests" */ = {
			isa = XCConfigurationList;
			buildConfigurations = (
				C042ED2024613ED00041EB88 /* Debug */,
				C042ED2124613ED00041EB88 /* Release */,
			);
			defaultConfigurationIsVisible = 0;
			defaultConfigurationName = Release;
		};
/* End XCConfigurationList section */
	};
	rootObject = C042ECE724613ECE0041EB88 /* Project object */;
}
